
Microsoft Visual Studio Solution File, Format Version 12.00
# Visual Studio Version 17
VisualStudioVersion = 17.0.31903.59
MinimumVisualStudioVersion = 10.0.40219.1
Project("{FAE04EC0-301F-11D3-BF4B-00C04F79EFBC}") = "RPSLS", "RPSLS\RPSLS.csproj", "{7B7D831A-C02F-4417-98D9-080CA2CE7DD8}"
EndProject
Global
	GlobalSection(SolutionConfigurationPlatforms) = preSolution
		Debug|Any CPU = Debug|Any CPU
		Release|Any CPU = Release|Any CPU
	EndGlobalSection
	GlobalSection(ProjectConfigurationPlatforms) = postSolution
		{7B7D831A-C02F-4417-98D9-080CA2CE7DD8}.Debug|Any CPU.ActiveCfg = Debug|Any CPU
		{7B7D831A-C02F-4417-98D9-080CA2CE7DD8}.Debug|Any CPU.Build.0 = Debug|Any CPU
		{7B7D831A-C02F-4417-98D9-080CA2CE7DD8}.Release|Any CPU.ActiveCfg = Release|Any CPU
		{7B7D831A-C02F-4417-98D9-080CA2CE7DD8}.Release|Any CPU.Build.0 = Release|Any CPU
	EndGlobalSection
	GlobalSection(SolutionProperties) = preSolution
		HideSolutionNode = FALSE
	EndGlobalSection
	GlobalSection(ExtensibilityGlobals) = postSolution
		SolutionGuid = {CD57385A-1E06-4E6D-BD4B-C7F76F1189A7}
	EndGlobalSection
EndGlobal
